
Microsoft Visual Studio Solution File, Format Version 12.00
# Visual Studio Version 16
VisualStudioVersion = 16.0.30128.74
MinimumVisualStudioVersion = 10.0.40219.1
Project("{FAE04EC0-301F-11D3-BF4B-00C04F79EFBC}") = "MailBox.UWP", "MailBox\MailBox.UWP\MailBox.UWP.csproj", "{BA0904B9-7640-4712-8FC6-E6DD2B13FC6F}"
EndProject
Project("{FAE04EC0-301F-11D3-BF4B-00C04F79EFBC}") = "MailBox", "MailBox\MailBox\MailBox.csproj", "{6853C312-E280-489F-AA82-9011F3563458}"
EndProject
Global
	GlobalSection(SolutionConfigurationPlatforms) = preSolution
		Debug|Any CPU = Debug|Any CPU
		Debug|ARM = Debug|ARM
		Debug|x64 = Debug|x64
		Debug|x86 = Debug|x86
		Release|Any CPU = Release|Any CPU
		Release|ARM = Release|ARM
		Release|x64 = Release|x64
		Release|x86 = Release|x86
	EndGlobalSection
	GlobalSection(ProjectConfigurationPlatforms) = postSolution
		{BA0904B9-7640-4712-8FC6-E6DD2B13FC6F}.Debug|Any CPU.ActiveCfg = Debug|x86
		{BA0904B9-7640-4712-8FC6-E6DD2B13FC6F}.Debug|Any CPU.Build.0 = Debug|x86
		{BA0904B9-7640-4712-8FC6-E6DD2B13FC6F}.Debug|Any CPU.Deploy.0 = Debug|x86
		{BA0904B9-7640-4712-8FC6-E6DD2B13FC6F}.Debug|ARM.ActiveCfg = Debug|ARM
		{BA0904B9-7640-4712-8FC6-E6DD2B13FC6F}.Debug|ARM.Build.0 = Debug|ARM
		{BA0904B9-7640-4712-8FC6-E6DD2B13FC6F}.Debug|ARM.Deploy.0 = Debug|ARM
		{BA0904B9-7640-4712-8FC6-E6DD2B13FC6F}.Debug|x64.ActiveCfg = Debug|x64
		{BA0904B9-7640-4712-8FC6-E6DD2B13FC6F}.Debug|x64.Build.0 = Debug|x64
		{BA0904B9-7640-4712-8FC6-E6DD2B13FC6F}.Debug|x64.Deploy.0 = Debug|x64
		{BA0904B9-7640-4712-8FC6-E6DD2B13FC6F}.Debug|x86.ActiveCfg = Debug|x86
		{BA0904B9-7640-4712-8FC6-E6DD2B13FC6F}.Debug|x86.Build.0 = Debug|x86
		{BA0904B9-7640-4712-8FC6-E6DD2B13FC6F}.Debug|x86.Deploy.0 = Debug|x86
		{BA0904B9-7640-4712-8FC6-E6DD2B13FC6F}.Release|Any CPU.ActiveCfg = Release|x86
		{BA0904B9-7640-4712-8FC6-E6DD2B13FC6F}.Release|Any CPU.Build.0 = Release|x86
		{BA0904B9-7640-4712-8FC6-E6DD2B13FC6F}.Release|Any CPU.Deploy.0 = Release|x86
		{BA0904B9-7640-4712-8FC6-E6DD2B13FC6F}.Release|ARM.ActiveCfg = Release|ARM
		{BA0904B9-7640-4712-8FC6-E6DD2B13FC6F}.Release|ARM.Build.0 = Release|ARM
		{BA0904B9-7640-4712-8FC6-E6DD2B13FC6F}.Release|ARM.Deploy.0 = Release|ARM
		{BA0904B9-7640-4712-8FC6-E6DD2B13FC6F}.Release|x64.ActiveCfg = Release|x64
		{BA0904B9-7640-4712-8FC6-E6DD2B13FC6F}.Release|x64.Build.0 = Release|x64
		{BA0904B9-7640-4712-8FC6-E6DD2B13FC6F}.Release|x64.Deploy.0 = Release|x64
		{BA0904B9-7640-4712-8FC6-E6DD2B13FC6F}.Release|x86.ActiveCfg = Release|x86
		{BA0904B9-7640-4712-8FC6-E6DD2B13FC6F}.Release|x86.Build.0 = Release|x86
		{BA0904B9-7640-4712-8FC6-E6DD2B13FC6F}.Release|x86.Deploy.0 = Release|x86
		{6853C312-E280-489F-AA82-9011F3563458}.Debug|Any CPU.ActiveCfg = Debug|Any CPU
		{6853C312-E280-489F-AA82-9011F3563458}.Debug|Any CPU.Build.0 = Debug|Any CPU
		{6853C312-E280-489F-AA82-9011F3563458}.Debug|Any CPU.Deploy.0 = Debug|Any CPU
		{6853C312-E280-489F-AA82-9011F3563458}.Debug|ARM.ActiveCfg = Debug|Any CPU
		{6853C312-E280-489F-AA82-9011F3563458}.Debug|ARM.Build.0 = Debug|Any CPU
		{6853C312-E280-489F-AA82-9011F3563458}.Debug|ARM.Deploy.0 = Debug|Any CPU
		{6853C312-E280-489F-AA82-9011F3563458}.Debug|x64.ActiveCfg = Debug|Any CPU
		{6853C312-E280-489F-AA82-9011F3563458}.Debug|x64.Build.0 = Debug|Any CPU
		{6853C312-E280-489F-AA82-9011F3563458}.Debug|x64.Deploy.0 = Debug|Any CPU
		{6853C312-E280-489F-AA82-9011F3563458}.Debug|x86.ActiveCfg = Debug|Any CPU
		{6853C312-E280-489F-AA82-9011F3563458}.Debug|x86.Build.0 = Debug|Any CPU
		{6853C312-E280-489F-AA82-9011F3563458}.Debug|x86.Deploy.0 = Debug|Any CPU
		{6853C312-E280-489F-AA82-9011F3563458}.Release|Any CPU.ActiveCfg = Release|Any CPU
		{6853C312-E280-489F-AA82-9011F3563458}.Release|Any CPU.Build.0 = Release|Any CPU
		{6853C312-E280-489F-AA82-9011F3563458}.Release|Any CPU.Deploy.0 = Release|Any CPU
		{6853C312-E280-489F-AA82-9011F3563458}.Release|ARM.ActiveCfg = Release|Any CPU
		{6853C312-E280-489F-AA82-9011F3563458}.Release|ARM.Build.0 = Release|Any CPU
		{6853C312-E280-489F-AA82-9011F3563458}.Release|ARM.Deploy.0 = Release|Any CPU
		{6853C312-E280-489F-AA82-9011F3563458}.Release|x64.ActiveCfg = Release|Any CPU
		{6853C312-E280-489F-AA82-9011F3563458}.Release|x64.Build.0 = Release|Any CPU
		{6853C312-E280-489F-AA82-9011F3563458}.Release|x64.Deploy.0 = Release|Any CPU
		{6853C312-E280-489F-AA82-9011F3563458}.Release|x86.ActiveCfg = Release|Any CPU
		{6853C312-E280-489F-AA82-9011F3563458}.Release|x86.Build.0 = Release|Any CPU
		{6853C312-E280-489F-AA82-9011F3563458}.Release|x86.Deploy.0 = Release|Any CPU
	EndGlobalSection
	GlobalSection(SolutionProperties) = preSolution
		HideSolutionNode = FALSE
	EndGlobalSection
	GlobalSection(ExtensibilityGlobals) = postSolution
		SolutionGuid = {C88579B7-0070-415A-BDC3-AA0C71BC9EA5}
	EndGlobalSection
EndGlobal
